
Microsoft Visual Studio Solution File, Format Version 12.00
# Visual Studio 15
VisualStudioVersion = 15.0.26228.9
MinimumVisualStudioVersion = 10.0.40219.1
Project("{F2A71F9B-5D33-465A-A702-920D77279786}") = "Documentation", "Documentation\Documentation.fsproj", "{9FE8E90F-328F-405A-95C8-341E74E88156}"
EndProject
Global
	GlobalSection(SolutionConfigurationPlatforms) = preSolution
		Debug|Any CPU = Debug|Any CPU
		Release|Any CPU = Release|Any CPU
	EndGlobalSection
	GlobalSection(ProjectConfigurationPlatforms) = postSolution
		{9FE8E90F-328F-405A-95C8-341E74E88156}.Debug|Any CPU.ActiveCfg = Debug|Any CPU
		{9FE8E90F-328F-405A-95C8-341E74E88156}.Debug|Any CPU.Build.0 = Debug|Any CPU
		{9FE8E90F-328F-405A-95C8-341E74E88156}.Release|Any CPU.ActiveCfg = Release|Any CPU
		{9FE8E90F-328F-405A-95C8-341E74E88156}.Release|Any CPU.Build.0 = Release|Any CPU
	EndGlobalSection
	GlobalSection(SolutionProperties) = preSolution
		HideSolutionNode = FALSE
	EndGlobalSection
EndGlobal
