
Microsoft Visual Studio Solution File, Format Version 12.00
# Visual Studio 14
VisualStudioVersion = 14.0.25420.1
MinimumVisualStudioVersion = 10.0.40219.1
Project("{FAE04EC0-301F-11D3-BF4B-00C04F79EFBC}") = "Rezoom.Execution", "Rezoom.Execution\Rezoom.Execution.csproj", "{9DB721D3-DA97-4BE3-B60B-9B7A682E803E}"
EndProject
Project("{F2A71F9B-5D33-465A-A702-920D77279786}") = "Rezoom", "Rezoom\Rezoom.fsproj", "{D98ACBEB-A039-4340-A7C5-6ED2B677268B}"
EndProject
Project("{F2A71F9B-5D33-465A-A702-920D77279786}") = "Rezoom.Test", "Rezoom.Test\Rezoom.Test.fsproj", "{F5167029-2918-46B5-A3A6-AB4A91B231A1}"
EndProject
Project("{FAE04EC0-301F-11D3-BF4B-00C04F79EFBC}") = "Rezoom.ADO", "Rezoom.ADO\Rezoom.ADO.csproj", "{13BB08A8-8135-4630-BEAB-1F35D660B52B}"
EndProject
Project("{F2A71F9B-5D33-465A-A702-920D77279786}") = "Rezoom.ADO.Test", "Rezoom.ADO.Test\Rezoom.ADO.Test.fsproj", "{39B23D3A-43D2-442F-9B83-B68ECE642FAD}"
EndProject
Project("{FAE04EC0-301F-11D3-BF4B-00C04F79EFBC}") = "Rezoom.EF", "Rezoom.EF\Rezoom.EF.csproj", "{51023E89-6081-4BBF-8945-8F17E6C4D65C}"
EndProject
Project("{2150E333-8FDC-42A3-9474-1A3956D46DE8}") = "Tests", "Tests", "{3CFAC282-AFAA-4B7A-879F-D2BDF9EC631B}"
EndProject
Project("{2150E333-8FDC-42A3-9474-1A3956D46DE8}") = "Integrations", "Integrations", "{B021A795-0151-4404-B592-0D375821890F}"
EndProject
Project("{FAE04EC0-301F-11D3-BF4B-00C04F79EFBC}") = "Rezoom.IPGeo", "Rezoom.IPGeo\Rezoom.IPGeo.csproj", "{CEB9E01B-71C6-468B-8C3E-A1617F036370}"
EndProject
Project("{F2A71F9B-5D33-465A-A702-920D77279786}") = "Rezoom.IPGeo.Test", "Rezoom.IPGeo.Test\Rezoom.IPGeo.Test.fsproj", "{97D70AE4-41FB-47D0-B518-589799F093D5}"
EndProject
Project("{FAE04EC0-301F-11D3-BF4B-00C04F79EFBC}") = "Rezoom.ADO.Test.Internals", "Rezoom.ADO.Test.Internals\Rezoom.ADO.Test.Internals.csproj", "{3EA0244A-E97C-47B6-96C3-C83315674CAA}"
EndProject
Project("{F2A71F9B-5D33-465A-A702-920D77279786}") = "Rezoom.ORM", "Rezoom.ORM\Rezoom.ORM.fsproj", "{6B6A06C5-157A-4FE3-8B4C-2A1AE6A15333}"
EndProject
Global
	GlobalSection(SolutionConfigurationPlatforms) = preSolution
		Debug|Any CPU = Debug|Any CPU
		Release|Any CPU = Release|Any CPU
	EndGlobalSection
	GlobalSection(ProjectConfigurationPlatforms) = postSolution
		{9DB721D3-DA97-4BE3-B60B-9B7A682E803E}.Debug|Any CPU.ActiveCfg = Debug|Any CPU
		{9DB721D3-DA97-4BE3-B60B-9B7A682E803E}.Debug|Any CPU.Build.0 = Debug|Any CPU
		{9DB721D3-DA97-4BE3-B60B-9B7A682E803E}.Release|Any CPU.ActiveCfg = Release|Any CPU
		{9DB721D3-DA97-4BE3-B60B-9B7A682E803E}.Release|Any CPU.Build.0 = Release|Any CPU
		{D98ACBEB-A039-4340-A7C5-6ED2B677268B}.Debug|Any CPU.ActiveCfg = Debug|Any CPU
		{D98ACBEB-A039-4340-A7C5-6ED2B677268B}.Debug|Any CPU.Build.0 = Debug|Any CPU
		{D98ACBEB-A039-4340-A7C5-6ED2B677268B}.Release|Any CPU.ActiveCfg = Release|Any CPU
		{D98ACBEB-A039-4340-A7C5-6ED2B677268B}.Release|Any CPU.Build.0 = Release|Any CPU
		{F5167029-2918-46B5-A3A6-AB4A91B231A1}.Debug|Any CPU.ActiveCfg = Debug|Any CPU
		{F5167029-2918-46B5-A3A6-AB4A91B231A1}.Debug|Any CPU.Build.0 = Debug|Any CPU
		{F5167029-2918-46B5-A3A6-AB4A91B231A1}.Release|Any CPU.ActiveCfg = Release|Any CPU
		{F5167029-2918-46B5-A3A6-AB4A91B231A1}.Release|Any CPU.Build.0 = Release|Any CPU
		{13BB08A8-8135-4630-BEAB-1F35D660B52B}.Debug|Any CPU.ActiveCfg = Debug|Any CPU
		{13BB08A8-8135-4630-BEAB-1F35D660B52B}.Debug|Any CPU.Build.0 = Debug|Any CPU
		{13BB08A8-8135-4630-BEAB-1F35D660B52B}.Release|Any CPU.ActiveCfg = Release|Any CPU
		{13BB08A8-8135-4630-BEAB-1F35D660B52B}.Release|Any CPU.Build.0 = Release|Any CPU
		{39B23D3A-43D2-442F-9B83-B68ECE642FAD}.Debug|Any CPU.ActiveCfg = Debug|Any CPU
		{39B23D3A-43D2-442F-9B83-B68ECE642FAD}.Debug|Any CPU.Build.0 = Debug|Any CPU
		{39B23D3A-43D2-442F-9B83-B68ECE642FAD}.Release|Any CPU.ActiveCfg = Release|Any CPU
		{39B23D3A-43D2-442F-9B83-B68ECE642FAD}.Release|Any CPU.Build.0 = Release|Any CPU
		{51023E89-6081-4BBF-8945-8F17E6C4D65C}.Debug|Any CPU.ActiveCfg = Debug|Any CPU
		{51023E89-6081-4BBF-8945-8F17E6C4D65C}.Debug|Any CPU.Build.0 = Debug|Any CPU
		{51023E89-6081-4BBF-8945-8F17E6C4D65C}.Release|Any CPU.ActiveCfg = Release|Any CPU
		{51023E89-6081-4BBF-8945-8F17E6C4D65C}.Release|Any CPU.Build.0 = Release|Any CPU
		{CEB9E01B-71C6-468B-8C3E-A1617F036370}.Debug|Any CPU.ActiveCfg = Debug|Any CPU
		{CEB9E01B-71C6-468B-8C3E-A1617F036370}.Debug|Any CPU.Build.0 = Debug|Any CPU
		{CEB9E01B-71C6-468B-8C3E-A1617F036370}.Release|Any CPU.ActiveCfg = Release|Any CPU
		{CEB9E01B-71C6-468B-8C3E-A1617F036370}.Release|Any CPU.Build.0 = Release|Any CPU
		{97D70AE4-41FB-47D0-B518-589799F093D5}.Debug|Any CPU.ActiveCfg = Debug|Any CPU
		{97D70AE4-41FB-47D0-B518-589799F093D5}.Debug|Any CPU.Build.0 = Debug|Any CPU
		{97D70AE4-41FB-47D0-B518-589799F093D5}.Release|Any CPU.ActiveCfg = Release|Any CPU
		{97D70AE4-41FB-47D0-B518-589799F093D5}.Release|Any CPU.Build.0 = Release|Any CPU
		{3EA0244A-E97C-47B6-96C3-C83315674CAA}.Debug|Any CPU.ActiveCfg = Debug|Any CPU
		{3EA0244A-E97C-47B6-96C3-C83315674CAA}.Debug|Any CPU.Build.0 = Debug|Any CPU
		{3EA0244A-E97C-47B6-96C3-C83315674CAA}.Release|Any CPU.ActiveCfg = Release|Any CPU
		{3EA0244A-E97C-47B6-96C3-C83315674CAA}.Release|Any CPU.Build.0 = Release|Any CPU
		{6B6A06C5-157A-4FE3-8B4C-2A1AE6A15333}.Debug|Any CPU.ActiveCfg = Debug|Any CPU
		{6B6A06C5-157A-4FE3-8B4C-2A1AE6A15333}.Debug|Any CPU.Build.0 = Debug|Any CPU
		{6B6A06C5-157A-4FE3-8B4C-2A1AE6A15333}.Release|Any CPU.ActiveCfg = Release|Any CPU
		{6B6A06C5-157A-4FE3-8B4C-2A1AE6A15333}.Release|Any CPU.Build.0 = Release|Any CPU
	EndGlobalSection
	GlobalSection(SolutionProperties) = preSolution
		HideSolutionNode = FALSE
	EndGlobalSection
	GlobalSection(NestedProjects) = preSolution
		{F5167029-2918-46B5-A3A6-AB4A91B231A1} = {3CFAC282-AFAA-4B7A-879F-D2BDF9EC631B}
		{13BB08A8-8135-4630-BEAB-1F35D660B52B} = {B021A795-0151-4404-B592-0D375821890F}
		{39B23D3A-43D2-442F-9B83-B68ECE642FAD} = {3CFAC282-AFAA-4B7A-879F-D2BDF9EC631B}
		{51023E89-6081-4BBF-8945-8F17E6C4D65C} = {B021A795-0151-4404-B592-0D375821890F}
		{CEB9E01B-71C6-468B-8C3E-A1617F036370} = {B021A795-0151-4404-B592-0D375821890F}
		{97D70AE4-41FB-47D0-B518-589799F093D5} = {3CFAC282-AFAA-4B7A-879F-D2BDF9EC631B}
		{3EA0244A-E97C-47B6-96C3-C83315674CAA} = {3CFAC282-AFAA-4B7A-879F-D2BDF9EC631B}
		{6B6A06C5-157A-4FE3-8B4C-2A1AE6A15333} = {B021A795-0151-4404-B592-0D375821890F}
	EndGlobalSection
EndGlobal
