
Microsoft Visual Studio Solution File, Format Version 12.00
# Visual Studio Version 18
VisualStudioVersion = 18.6.11819.183
MinimumVisualStudioVersion = 10.0.40219.1
Project("{F2A71F9B-5D33-465A-A702-920D77279786}") = "TypeProviderUser.SQLite", "TypeProviderUser.SQLite\TypeProviderUser.SQLite.fsproj", "{05CF934C-7E0C-4C3E-9696-5D78DF6266ED}"
EndProject
Project("{F2A71F9B-5D33-465A-A702-920D77279786}") = "TypeProviderUser.Postgres", "TypeProviderUser.Postgres\TypeProviderUser.Postgres.fsproj", "{0AE63098-7205-4F74-9917-8656880623E5}"
EndProject
Project("{F2A71F9B-5D33-465A-A702-920D77279786}") = "TypeProviderUser.TSQL", "TypeProviderUser.TSQL\TypeProviderUser.TSQL.fsproj", "{A21B80DC-4198-4C48-8350-E91DF5AEDBA0}"
EndProject
Project("{F2A71F9B-5D33-465A-A702-920D77279786}") = "TypeProviderUser.UserTypes", "TypeProviderUser.UserTypes\TypeProviderUser.UserTypes.fsproj", "{4D35B2F8-CFBB-4504-9538-23468C65F4A4}"
EndProject
Project("{F2A71F9B-5D33-465A-A702-920D77279786}") = "TypeProviderUser.BclOnlyTypes", "TypeProviderUser.BclOnlyTypes\TypeProviderUser.BclOnlyTypes.fsproj", "{880892F4-19E0-42D1-A6CC-55256B7881F2}"
EndProject
Project("{F2A71F9B-5D33-465A-A702-920D77279786}") = "TypeProviderUser.Postgres.UserTypes", "TypeProviderUser.Postgres.UserTypes\TypeProviderUser.Postgres.UserTypes.fsproj", "{65A76A56-4F8A-4F1E-BAEE-C590E6A3C1A8}"
EndProject
Project("{FAE04EC0-301F-11D3-BF4B-00C04F79EFBC}") = "Rezoom.SQL.Annotations", "..\Rezoom.SQL.Annotations\Rezoom.SQL.Annotations.csproj", "{7E963635-41D8-411E-B521-9A41AE5CA3AC}"
EndProject
Global
	GlobalSection(SolutionConfigurationPlatforms) = preSolution
		Debug|Any CPU = Debug|Any CPU
		Debug|x64 = Debug|x64
		Debug|x86 = Debug|x86
		Release|Any CPU = Release|Any CPU
		Release|x64 = Release|x64
		Release|x86 = Release|x86
	EndGlobalSection
	GlobalSection(ProjectConfigurationPlatforms) = postSolution
		{05CF934C-7E0C-4C3E-9696-5D78DF6266ED}.Debug|Any CPU.ActiveCfg = Debug|Any CPU
		{05CF934C-7E0C-4C3E-9696-5D78DF6266ED}.Debug|Any CPU.Build.0 = Debug|Any CPU
		{05CF934C-7E0C-4C3E-9696-5D78DF6266ED}.Debug|x64.ActiveCfg = Debug|Any CPU
		{05CF934C-7E0C-4C3E-9696-5D78DF6266ED}.Debug|x64.Build.0 = Debug|Any CPU
		{05CF934C-7E0C-4C3E-9696-5D78DF6266ED}.Debug|x86.ActiveCfg = Debug|Any CPU
		{05CF934C-7E0C-4C3E-9696-5D78DF6266ED}.Debug|x86.Build.0 = Debug|Any CPU
		{05CF934C-7E0C-4C3E-9696-5D78DF6266ED}.Release|Any CPU.ActiveCfg = Release|Any CPU
		{05CF934C-7E0C-4C3E-9696-5D78DF6266ED}.Release|Any CPU.Build.0 = Release|Any CPU
		{05CF934C-7E0C-4C3E-9696-5D78DF6266ED}.Release|x64.ActiveCfg = Release|Any CPU
		{05CF934C-7E0C-4C3E-9696-5D78DF6266ED}.Release|x64.Build.0 = Release|Any CPU
		{05CF934C-7E0C-4C3E-9696-5D78DF6266ED}.Release|x86.ActiveCfg = Release|Any CPU
		{05CF934C-7E0C-4C3E-9696-5D78DF6266ED}.Release|x86.Build.0 = Release|Any CPU
		{0AE63098-7205-4F74-9917-8656880623E5}.Debug|Any CPU.ActiveCfg = Debug|Any CPU
		{0AE63098-7205-4F74-9917-8656880623E5}.Debug|Any CPU.Build.0 = Debug|Any CPU
		{0AE63098-7205-4F74-9917-8656880623E5}.Debug|x64.ActiveCfg = Debug|Any CPU
		{0AE63098-7205-4F74-9917-8656880623E5}.Debug|x64.Build.0 = Debug|Any CPU
		{0AE63098-7205-4F74-9917-8656880623E5}.Debug|x86.ActiveCfg = Debug|Any CPU
		{0AE63098-7205-4F74-9917-8656880623E5}.Debug|x86.Build.0 = Debug|Any CPU
		{0AE63098-7205-4F74-9917-8656880623E5}.Release|Any CPU.ActiveCfg = Release|Any CPU
		{0AE63098-7205-4F74-9917-8656880623E5}.Release|Any CPU.Build.0 = Release|Any CPU
		{0AE63098-7205-4F74-9917-8656880623E5}.Release|x64.ActiveCfg = Release|Any CPU
		{0AE63098-7205-4F74-9917-8656880623E5}.Release|x64.Build.0 = Release|Any CPU
		{0AE63098-7205-4F74-9917-8656880623E5}.Release|x86.ActiveCfg = Release|Any CPU
		{0AE63098-7205-4F74-9917-8656880623E5}.Release|x86.Build.0 = Release|Any CPU
		{A21B80DC-4198-4C48-8350-E91DF5AEDBA0}.Debug|Any CPU.ActiveCfg = Debug|Any CPU
		{A21B80DC-4198-4C48-8350-E91DF5AEDBA0}.Debug|Any CPU.Build.0 = Debug|Any CPU
		{A21B80DC-4198-4C48-8350-E91DF5AEDBA0}.Debug|x64.ActiveCfg = Debug|Any CPU
		{A21B80DC-4198-4C48-8350-E91DF5AEDBA0}.Debug|x64.Build.0 = Debug|Any CPU
		{A21B80DC-4198-4C48-8350-E91DF5AEDBA0}.Debug|x86.ActiveCfg = Debug|Any CPU
		{A21B80DC-4198-4C48-8350-E91DF5AEDBA0}.Debug|x86.Build.0 = Debug|Any CPU
		{A21B80DC-4198-4C48-8350-E91DF5AEDBA0}.Release|Any CPU.ActiveCfg = Release|Any CPU
		{A21B80DC-4198-4C48-8350-E91DF5AEDBA0}.Release|Any CPU.Build.0 = Release|Any CPU
		{A21B80DC-4198-4C48-8350-E91DF5AEDBA0}.Release|x64.ActiveCfg = Release|Any CPU
		{A21B80DC-4198-4C48-8350-E91DF5AEDBA0}.Release|x64.Build.0 = Release|Any CPU
		{A21B80DC-4198-4C48-8350-E91DF5AEDBA0}.Release|x86.ActiveCfg = Release|Any CPU
		{A21B80DC-4198-4C48-8350-E91DF5AEDBA0}.Release|x86.Build.0 = Release|Any CPU
		{4D35B2F8-CFBB-4504-9538-23468C65F4A4}.Debug|Any CPU.ActiveCfg = Debug|Any CPU
		{4D35B2F8-CFBB-4504-9538-23468C65F4A4}.Debug|Any CPU.Build.0 = Debug|Any CPU
		{4D35B2F8-CFBB-4504-9538-23468C65F4A4}.Debug|x64.ActiveCfg = Debug|Any CPU
		{4D35B2F8-CFBB-4504-9538-23468C65F4A4}.Debug|x64.Build.0 = Debug|Any CPU
		{4D35B2F8-CFBB-4504-9538-23468C65F4A4}.Debug|x86.ActiveCfg = Debug|Any CPU
		{4D35B2F8-CFBB-4504-9538-23468C65F4A4}.Debug|x86.Build.0 = Debug|Any CPU
		{4D35B2F8-CFBB-4504-9538-23468C65F4A4}.Release|Any CPU.ActiveCfg = Release|Any CPU
		{4D35B2F8-CFBB-4504-9538-23468C65F4A4}.Release|Any CPU.Build.0 = Release|Any CPU
		{4D35B2F8-CFBB-4504-9538-23468C65F4A4}.Release|x64.ActiveCfg = Release|Any CPU
		{4D35B2F8-CFBB-4504-9538-23468C65F4A4}.Release|x64.Build.0 = Release|Any CPU
		{4D35B2F8-CFBB-4504-9538-23468C65F4A4}.Release|x86.ActiveCfg = Release|Any CPU
		{4D35B2F8-CFBB-4504-9538-23468C65F4A4}.Release|x86.Build.0 = Release|Any CPU
		{880892F4-19E0-42D1-A6CC-55256B7881F2}.Debug|Any CPU.ActiveCfg = Debug|Any CPU
		{880892F4-19E0-42D1-A6CC-55256B7881F2}.Debug|Any CPU.Build.0 = Debug|Any CPU
		{880892F4-19E0-42D1-A6CC-55256B7881F2}.Debug|x64.ActiveCfg = Debug|Any CPU
		{880892F4-19E0-42D1-A6CC-55256B7881F2}.Debug|x64.Build.0 = Debug|Any CPU
		{880892F4-19E0-42D1-A6CC-55256B7881F2}.Debug|x86.ActiveCfg = Debug|Any CPU
		{880892F4-19E0-42D1-A6CC-55256B7881F2}.Debug|x86.Build.0 = Debug|Any CPU
		{880892F4-19E0-42D1-A6CC-55256B7881F2}.Release|Any CPU.ActiveCfg = Release|Any CPU
		{880892F4-19E0-42D1-A6CC-55256B7881F2}.Release|Any CPU.Build.0 = Release|Any CPU
		{880892F4-19E0-42D1-A6CC-55256B7881F2}.Release|x64.ActiveCfg = Release|Any CPU
		{880892F4-19E0-42D1-A6CC-55256B7881F2}.Release|x64.Build.0 = Release|Any CPU
		{880892F4-19E0-42D1-A6CC-55256B7881F2}.Release|x86.ActiveCfg = Release|Any CPU
		{880892F4-19E0-42D1-A6CC-55256B7881F2}.Release|x86.Build.0 = Release|Any CPU
		{65A76A56-4F8A-4F1E-BAEE-C590E6A3C1A8}.Debug|Any CPU.ActiveCfg = Debug|Any CPU
		{65A76A56-4F8A-4F1E-BAEE-C590E6A3C1A8}.Debug|Any CPU.Build.0 = Debug|Any CPU
		{65A76A56-4F8A-4F1E-BAEE-C590E6A3C1A8}.Debug|x64.ActiveCfg = Debug|Any CPU
		{65A76A56-4F8A-4F1E-BAEE-C590E6A3C1A8}.Debug|x64.Build.0 = Debug|Any CPU
		{65A76A56-4F8A-4F1E-BAEE-C590E6A3C1A8}.Debug|x86.ActiveCfg = Debug|Any CPU
		{65A76A56-4F8A-4F1E-BAEE-C590E6A3C1A8}.Debug|x86.Build.0 = Debug|Any CPU
		{65A76A56-4F8A-4F1E-BAEE-C590E6A3C1A8}.Release|Any CPU.ActiveCfg = Release|Any CPU
		{65A76A56-4F8A-4F1E-BAEE-C590E6A3C1A8}.Release|Any CPU.Build.0 = Release|Any CPU
		{65A76A56-4F8A-4F1E-BAEE-C590E6A3C1A8}.Release|x64.ActiveCfg = Release|Any CPU
		{65A76A56-4F8A-4F1E-BAEE-C590E6A3C1A8}.Release|x64.Build.0 = Release|Any CPU
		{65A76A56-4F8A-4F1E-BAEE-C590E6A3C1A8}.Release|x86.ActiveCfg = Release|Any CPU
		{65A76A56-4F8A-4F1E-BAEE-C590E6A3C1A8}.Release|x86.Build.0 = Release|Any CPU
		{7E963635-41D8-411E-B521-9A41AE5CA3AC}.Debug|Any CPU.ActiveCfg = Debug|Any CPU
		{7E963635-41D8-411E-B521-9A41AE5CA3AC}.Debug|Any CPU.Build.0 = Debug|Any CPU
		{7E963635-41D8-411E-B521-9A41AE5CA3AC}.Debug|x64.ActiveCfg = Debug|Any CPU
		{7E963635-41D8-411E-B521-9A41AE5CA3AC}.Debug|x64.Build.0 = Debug|Any CPU
		{7E963635-41D8-411E-B521-9A41AE5CA3AC}.Debug|x86.ActiveCfg = Debug|Any CPU
		{7E963635-41D8-411E-B521-9A41AE5CA3AC}.Debug|x86.Build.0 = Debug|Any CPU
		{7E963635-41D8-411E-B521-9A41AE5CA3AC}.Release|Any CPU.ActiveCfg = Release|Any CPU
		{7E963635-41D8-411E-B521-9A41AE5CA3AC}.Release|Any CPU.Build.0 = Release|Any CPU
		{7E963635-41D8-411E-B521-9A41AE5CA3AC}.Release|x64.ActiveCfg = Release|Any CPU
		{7E963635-41D8-411E-B521-9A41AE5CA3AC}.Release|x64.Build.0 = Release|Any CPU
		{7E963635-41D8-411E-B521-9A41AE5CA3AC}.Release|x86.ActiveCfg = Release|Any CPU
		{7E963635-41D8-411E-B521-9A41AE5CA3AC}.Release|x86.Build.0 = Release|Any CPU
	EndGlobalSection
	GlobalSection(SolutionProperties) = preSolution
		HideSolutionNode = FALSE
	EndGlobalSection
EndGlobal
