
Microsoft Visual Studio Solution File, Format Version 12.00
# Visual Studio 15
VisualStudioVersion = 15.0.26430.16
MinimumVisualStudioVersion = 10.0.40219.1
Project("{F2A71F9B-5D33-465A-A702-920D77279786}") = "TypeProviderUser.SQLite", "TypeProviderUser.SQLite\TypeProviderUser.SQLite.fsproj", "{0F05CBC1-FFCA-41B0-89FC-DB11D13D823C}"
EndProject
Project("{F2A71F9B-5D33-465A-A702-920D77279786}") = "TypeProviderUser.Postgres", "TypeProviderUser.Postgres\TypeProviderUser.Postgres.fsproj", "{EA4DD44F-F7E0-4953-961A-892D4BEC43BD}"
EndProject
Global
	GlobalSection(SolutionConfigurationPlatforms) = preSolution
		Debug|Any CPU = Debug|Any CPU
		Release|Any CPU = Release|Any CPU
	EndGlobalSection
	GlobalSection(ProjectConfigurationPlatforms) = postSolution
		{0F05CBC1-FFCA-41B0-89FC-DB11D13D823C}.Debug|Any CPU.ActiveCfg = Debug|Any CPU
		{0F05CBC1-FFCA-41B0-89FC-DB11D13D823C}.Debug|Any CPU.Build.0 = Debug|Any CPU
		{0F05CBC1-FFCA-41B0-89FC-DB11D13D823C}.Release|Any CPU.ActiveCfg = Release|Any CPU
		{0F05CBC1-FFCA-41B0-89FC-DB11D13D823C}.Release|Any CPU.Build.0 = Release|Any CPU
		{EA4DD44F-F7E0-4953-961A-892D4BEC43BD}.Debug|Any CPU.ActiveCfg = Debug|Any CPU
		{EA4DD44F-F7E0-4953-961A-892D4BEC43BD}.Debug|Any CPU.Build.0 = Debug|Any CPU
		{EA4DD44F-F7E0-4953-961A-892D4BEC43BD}.Release|Any CPU.ActiveCfg = Release|Any CPU
		{EA4DD44F-F7E0-4953-961A-892D4BEC43BD}.Release|Any CPU.Build.0 = Release|Any CPU
	EndGlobalSection
	GlobalSection(SolutionProperties) = preSolution
		HideSolutionNode = FALSE
	EndGlobalSection
EndGlobal
