
Microsoft Visual Studio Solution File, Format Version 12.00
# Visual Studio 15
VisualStudioVersion = 15.0.26228.9
MinimumVisualStudioVersion = 10.0.40219.1
Project("{2150E333-8FDC-42A3-9474-1A3956D46DE8}") = "Tests", "Tests", "{3CFAC282-AFAA-4B7A-879F-D2BDF9EC631B}"
EndProject
Project("{F2A71F9B-5D33-465A-A702-920D77279786}") = "Rezoom.SQL.Mapping", "Rezoom.SQL.Mapping\Rezoom.SQL.Mapping.fsproj", "{B6BEC3A3-3BD8-410E-8D14-801196836B46}"
EndProject
Project("{F2A71F9B-5D33-465A-A702-920D77279786}") = "Rezoom.SQL.Compiler", "Rezoom.SQL.Compiler\Rezoom.SQL.Compiler.fsproj", "{78474987-53A0-41BB-AB90-4073BA2372FA}"
EndProject
Project("{F2A71F9B-5D33-465A-A702-920D77279786}") = "Rezoom.SQL.Test", "Rezoom.SQL.Test\Rezoom.SQL.Test.fsproj", "{B6C3585C-55C0-4276-871D-9733E11E3513}"
EndProject
Project("{F2A71F9B-5D33-465A-A702-920D77279786}") = "Rezoom.SQL.Provider", "Rezoom.SQL.Provider\Rezoom.SQL.Provider.fsproj", "{1D333C86-98EB-4801-AB10-278302875008}"
EndProject
Global
	GlobalSection(SolutionConfigurationPlatforms) = preSolution
		Debug|Any CPU = Debug|Any CPU
		Release|Any CPU = Release|Any CPU
	EndGlobalSection
	GlobalSection(ProjectConfigurationPlatforms) = postSolution
		{B6BEC3A3-3BD8-410E-8D14-801196836B46}.Debug|Any CPU.ActiveCfg = Debug|Any CPU
		{B6BEC3A3-3BD8-410E-8D14-801196836B46}.Debug|Any CPU.Build.0 = Debug|Any CPU
		{B6BEC3A3-3BD8-410E-8D14-801196836B46}.Release|Any CPU.ActiveCfg = Release|Any CPU
		{B6BEC3A3-3BD8-410E-8D14-801196836B46}.Release|Any CPU.Build.0 = Release|Any CPU
		{78474987-53A0-41BB-AB90-4073BA2372FA}.Debug|Any CPU.ActiveCfg = Debug|Any CPU
		{78474987-53A0-41BB-AB90-4073BA2372FA}.Debug|Any CPU.Build.0 = Debug|Any CPU
		{78474987-53A0-41BB-AB90-4073BA2372FA}.Release|Any CPU.ActiveCfg = Release|Any CPU
		{78474987-53A0-41BB-AB90-4073BA2372FA}.Release|Any CPU.Build.0 = Release|Any CPU
		{B6C3585C-55C0-4276-871D-9733E11E3513}.Debug|Any CPU.ActiveCfg = Debug|Any CPU
		{B6C3585C-55C0-4276-871D-9733E11E3513}.Debug|Any CPU.Build.0 = Debug|Any CPU
		{B6C3585C-55C0-4276-871D-9733E11E3513}.Release|Any CPU.ActiveCfg = Release|Any CPU
		{B6C3585C-55C0-4276-871D-9733E11E3513}.Release|Any CPU.Build.0 = Release|Any CPU
		{1D333C86-98EB-4801-AB10-278302875008}.Debug|Any CPU.ActiveCfg = Debug|Any CPU
		{1D333C86-98EB-4801-AB10-278302875008}.Debug|Any CPU.Build.0 = Debug|Any CPU
		{1D333C86-98EB-4801-AB10-278302875008}.Release|Any CPU.ActiveCfg = Release|Any CPU
		{1D333C86-98EB-4801-AB10-278302875008}.Release|Any CPU.Build.0 = Release|Any CPU
	EndGlobalSection
	GlobalSection(SolutionProperties) = preSolution
		HideSolutionNode = FALSE
	EndGlobalSection
	GlobalSection(NestedProjects) = preSolution
		{B6C3585C-55C0-4276-871D-9733E11E3513} = {3CFAC282-AFAA-4B7A-879F-D2BDF9EC631B}
	EndGlobalSection
	GlobalSection(ExtensibilityGlobals) = postSolution
		SolutionGuid = {3984727B-D7F5-4A1D-B438-1A4A1EB6A711}
	EndGlobalSection
EndGlobal
