
Microsoft Visual Studio Solution File, Format Version 12.00
# Visual Studio 15
VisualStudioVersion = 15.0.26228.9
MinimumVisualStudioVersion = 10.0.40219.1
Project("{2150E333-8FDC-42A3-9474-1A3956D46DE8}") = "Tests", "Tests", "{3CFAC282-AFAA-4B7A-879F-D2BDF9EC631B}"
EndProject
Project("{F2A71F9B-5D33-465A-A702-920D77279786}") = "Rezoom.SQL.Mapping", "Rezoom.SQL.Mapping\Rezoom.SQL.Mapping.fsproj", "{B6BEC3A3-3BD8-410E-8D14-801196836B46}"
EndProject
Project("{F2A71F9B-5D33-465A-A702-920D77279786}") = "Rezoom.SQL.Compiler", "Rezoom.SQL.Compiler\Rezoom.SQL.Compiler.fsproj", "{78474987-53A0-41BB-AB90-4073BA2372FA}"
EndProject
Project("{F2A71F9B-5D33-465A-A702-920D77279786}") = "Rezoom.SQL.Test", "Rezoom.SQL.Test\Rezoom.SQL.Test.fsproj", "{B6C3585C-55C0-4276-871D-9733E11E3513}"
EndProject
Project("{F2A71F9B-5D33-465A-A702-920D77279786}") = "Rezoom.SQL.Provider", "Rezoom.SQL.Provider\Rezoom.SQL.Provider.fsproj", "{1D333C86-98EB-4801-AB10-278302875008}"
EndProject
Project("{FAE04EC0-301F-11D3-BF4B-00C04F79EFBC}") = "Rezoom.SQL.Provider.TSQL", "Rezoom.SQL.Provider.TSQL\Rezoom.SQL.Provider.TSQL.csproj", "{15DDCBE1-4A2C-4DC2-8B2C-63D768EDC7F7}"
EndProject
Project("{FAE04EC0-301F-11D3-BF4B-00C04F79EFBC}") = "Rezoom.SQL.Provider.SQLite", "Rezoom.SQL.Provider.SQLite\Rezoom.SQL.Provider.SQLite.csproj", "{525968D7-502B-4396-B009-514B693FACA5}"
EndProject
Project("{FAE04EC0-301F-11D3-BF4B-00C04F79EFBC}") = "Rezoom.SQL.Provider.Postgres", "Rezoom.SQL.Provider.Postgres\Rezoom.SQL.Provider.Postgres.csproj", "{373AE8E2-463A-4FAA-A796-748E922CC819}"
EndProject
Global
	GlobalSection(SolutionConfigurationPlatforms) = preSolution
		Debug|Any CPU = Debug|Any CPU
		Debug|x64 = Debug|x64
		Debug|x86 = Debug|x86
		Release|Any CPU = Release|Any CPU
		Release|x64 = Release|x64
		Release|x86 = Release|x86
	EndGlobalSection
	GlobalSection(ProjectConfigurationPlatforms) = postSolution
		{B6BEC3A3-3BD8-410E-8D14-801196836B46}.Debug|Any CPU.ActiveCfg = Debug|Any CPU
		{B6BEC3A3-3BD8-410E-8D14-801196836B46}.Debug|Any CPU.Build.0 = Debug|Any CPU
		{B6BEC3A3-3BD8-410E-8D14-801196836B46}.Debug|x64.ActiveCfg = Debug|Any CPU
		{B6BEC3A3-3BD8-410E-8D14-801196836B46}.Debug|x64.Build.0 = Debug|Any CPU
		{B6BEC3A3-3BD8-410E-8D14-801196836B46}.Debug|x86.ActiveCfg = Debug|Any CPU
		{B6BEC3A3-3BD8-410E-8D14-801196836B46}.Debug|x86.Build.0 = Debug|Any CPU
		{B6BEC3A3-3BD8-410E-8D14-801196836B46}.Release|Any CPU.ActiveCfg = Release|Any CPU
		{B6BEC3A3-3BD8-410E-8D14-801196836B46}.Release|Any CPU.Build.0 = Release|Any CPU
		{B6BEC3A3-3BD8-410E-8D14-801196836B46}.Release|x64.ActiveCfg = Release|Any CPU
		{B6BEC3A3-3BD8-410E-8D14-801196836B46}.Release|x64.Build.0 = Release|Any CPU
		{B6BEC3A3-3BD8-410E-8D14-801196836B46}.Release|x86.ActiveCfg = Release|Any CPU
		{B6BEC3A3-3BD8-410E-8D14-801196836B46}.Release|x86.Build.0 = Release|Any CPU
		{78474987-53A0-41BB-AB90-4073BA2372FA}.Debug|Any CPU.ActiveCfg = Debug|Any CPU
		{78474987-53A0-41BB-AB90-4073BA2372FA}.Debug|Any CPU.Build.0 = Debug|Any CPU
		{78474987-53A0-41BB-AB90-4073BA2372FA}.Debug|x64.ActiveCfg = Debug|Any CPU
		{78474987-53A0-41BB-AB90-4073BA2372FA}.Debug|x64.Build.0 = Debug|Any CPU
		{78474987-53A0-41BB-AB90-4073BA2372FA}.Debug|x86.ActiveCfg = Debug|Any CPU
		{78474987-53A0-41BB-AB90-4073BA2372FA}.Debug|x86.Build.0 = Debug|Any CPU
		{78474987-53A0-41BB-AB90-4073BA2372FA}.Release|Any CPU.ActiveCfg = Release|Any CPU
		{78474987-53A0-41BB-AB90-4073BA2372FA}.Release|Any CPU.Build.0 = Release|Any CPU
		{78474987-53A0-41BB-AB90-4073BA2372FA}.Release|x64.ActiveCfg = Release|Any CPU
		{78474987-53A0-41BB-AB90-4073BA2372FA}.Release|x64.Build.0 = Release|Any CPU
		{78474987-53A0-41BB-AB90-4073BA2372FA}.Release|x86.ActiveCfg = Release|Any CPU
		{78474987-53A0-41BB-AB90-4073BA2372FA}.Release|x86.Build.0 = Release|Any CPU
		{B6C3585C-55C0-4276-871D-9733E11E3513}.Debug|Any CPU.ActiveCfg = Debug|Any CPU
		{B6C3585C-55C0-4276-871D-9733E11E3513}.Debug|Any CPU.Build.0 = Debug|Any CPU
		{B6C3585C-55C0-4276-871D-9733E11E3513}.Debug|x64.ActiveCfg = Debug|Any CPU
		{B6C3585C-55C0-4276-871D-9733E11E3513}.Debug|x64.Build.0 = Debug|Any CPU
		{B6C3585C-55C0-4276-871D-9733E11E3513}.Debug|x86.ActiveCfg = Debug|Any CPU
		{B6C3585C-55C0-4276-871D-9733E11E3513}.Debug|x86.Build.0 = Debug|Any CPU
		{B6C3585C-55C0-4276-871D-9733E11E3513}.Release|Any CPU.ActiveCfg = Release|Any CPU
		{B6C3585C-55C0-4276-871D-9733E11E3513}.Release|Any CPU.Build.0 = Release|Any CPU
		{B6C3585C-55C0-4276-871D-9733E11E3513}.Release|x64.ActiveCfg = Release|Any CPU
		{B6C3585C-55C0-4276-871D-9733E11E3513}.Release|x64.Build.0 = Release|Any CPU
		{B6C3585C-55C0-4276-871D-9733E11E3513}.Release|x86.ActiveCfg = Release|Any CPU
		{B6C3585C-55C0-4276-871D-9733E11E3513}.Release|x86.Build.0 = Release|Any CPU
		{1D333C86-98EB-4801-AB10-278302875008}.Debug|Any CPU.ActiveCfg = Debug|Any CPU
		{1D333C86-98EB-4801-AB10-278302875008}.Debug|Any CPU.Build.0 = Debug|Any CPU
		{1D333C86-98EB-4801-AB10-278302875008}.Debug|x64.ActiveCfg = Debug|Any CPU
		{1D333C86-98EB-4801-AB10-278302875008}.Debug|x64.Build.0 = Debug|Any CPU
		{1D333C86-98EB-4801-AB10-278302875008}.Debug|x86.ActiveCfg = Debug|Any CPU
		{1D333C86-98EB-4801-AB10-278302875008}.Debug|x86.Build.0 = Debug|Any CPU
		{1D333C86-98EB-4801-AB10-278302875008}.Release|Any CPU.ActiveCfg = Release|Any CPU
		{1D333C86-98EB-4801-AB10-278302875008}.Release|Any CPU.Build.0 = Release|Any CPU
		{1D333C86-98EB-4801-AB10-278302875008}.Release|x64.ActiveCfg = Release|Any CPU
		{1D333C86-98EB-4801-AB10-278302875008}.Release|x64.Build.0 = Release|Any CPU
		{1D333C86-98EB-4801-AB10-278302875008}.Release|x86.ActiveCfg = Release|Any CPU
		{1D333C86-98EB-4801-AB10-278302875008}.Release|x86.Build.0 = Release|Any CPU
		{15DDCBE1-4A2C-4DC2-8B2C-63D768EDC7F7}.Debug|Any CPU.ActiveCfg = Debug|Any CPU
		{15DDCBE1-4A2C-4DC2-8B2C-63D768EDC7F7}.Debug|Any CPU.Build.0 = Debug|Any CPU
		{15DDCBE1-4A2C-4DC2-8B2C-63D768EDC7F7}.Debug|x64.ActiveCfg = Debug|Any CPU
		{15DDCBE1-4A2C-4DC2-8B2C-63D768EDC7F7}.Debug|x64.Build.0 = Debug|Any CPU
		{15DDCBE1-4A2C-4DC2-8B2C-63D768EDC7F7}.Debug|x86.ActiveCfg = Debug|Any CPU
		{15DDCBE1-4A2C-4DC2-8B2C-63D768EDC7F7}.Debug|x86.Build.0 = Debug|Any CPU
		{15DDCBE1-4A2C-4DC2-8B2C-63D768EDC7F7}.Release|Any CPU.ActiveCfg = Release|Any CPU
		{15DDCBE1-4A2C-4DC2-8B2C-63D768EDC7F7}.Release|Any CPU.Build.0 = Release|Any CPU
		{15DDCBE1-4A2C-4DC2-8B2C-63D768EDC7F7}.Release|x64.ActiveCfg = Release|Any CPU
		{15DDCBE1-4A2C-4DC2-8B2C-63D768EDC7F7}.Release|x64.Build.0 = Release|Any CPU
		{15DDCBE1-4A2C-4DC2-8B2C-63D768EDC7F7}.Release|x86.ActiveCfg = Release|Any CPU
		{15DDCBE1-4A2C-4DC2-8B2C-63D768EDC7F7}.Release|x86.Build.0 = Release|Any CPU
		{525968D7-502B-4396-B009-514B693FACA5}.Debug|Any CPU.ActiveCfg = Debug|Any CPU
		{525968D7-502B-4396-B009-514B693FACA5}.Debug|Any CPU.Build.0 = Debug|Any CPU
		{525968D7-502B-4396-B009-514B693FACA5}.Debug|x64.ActiveCfg = Debug|Any CPU
		{525968D7-502B-4396-B009-514B693FACA5}.Debug|x64.Build.0 = Debug|Any CPU
		{525968D7-502B-4396-B009-514B693FACA5}.Debug|x86.ActiveCfg = Debug|Any CPU
		{525968D7-502B-4396-B009-514B693FACA5}.Debug|x86.Build.0 = Debug|Any CPU
		{525968D7-502B-4396-B009-514B693FACA5}.Release|Any CPU.ActiveCfg = Release|Any CPU
		{525968D7-502B-4396-B009-514B693FACA5}.Release|Any CPU.Build.0 = Release|Any CPU
		{525968D7-502B-4396-B009-514B693FACA5}.Release|x64.ActiveCfg = Release|Any CPU
		{525968D7-502B-4396-B009-514B693FACA5}.Release|x64.Build.0 = Release|Any CPU
		{525968D7-502B-4396-B009-514B693FACA5}.Release|x86.ActiveCfg = Release|Any CPU
		{525968D7-502B-4396-B009-514B693FACA5}.Release|x86.Build.0 = Release|Any CPU
		{373AE8E2-463A-4FAA-A796-748E922CC819}.Debug|Any CPU.ActiveCfg = Debug|Any CPU
		{373AE8E2-463A-4FAA-A796-748E922CC819}.Debug|Any CPU.Build.0 = Debug|Any CPU
		{373AE8E2-463A-4FAA-A796-748E922CC819}.Debug|x64.ActiveCfg = Debug|Any CPU
		{373AE8E2-463A-4FAA-A796-748E922CC819}.Debug|x64.Build.0 = Debug|Any CPU
		{373AE8E2-463A-4FAA-A796-748E922CC819}.Debug|x86.ActiveCfg = Debug|Any CPU
		{373AE8E2-463A-4FAA-A796-748E922CC819}.Debug|x86.Build.0 = Debug|Any CPU
		{373AE8E2-463A-4FAA-A796-748E922CC819}.Release|Any CPU.ActiveCfg = Release|Any CPU
		{373AE8E2-463A-4FAA-A796-748E922CC819}.Release|Any CPU.Build.0 = Release|Any CPU
		{373AE8E2-463A-4FAA-A796-748E922CC819}.Release|x64.ActiveCfg = Release|Any CPU
		{373AE8E2-463A-4FAA-A796-748E922CC819}.Release|x64.Build.0 = Release|Any CPU
		{373AE8E2-463A-4FAA-A796-748E922CC819}.Release|x86.ActiveCfg = Release|Any CPU
		{373AE8E2-463A-4FAA-A796-748E922CC819}.Release|x86.Build.0 = Release|Any CPU
	EndGlobalSection
	GlobalSection(SolutionProperties) = preSolution
		HideSolutionNode = FALSE
	EndGlobalSection
	GlobalSection(NestedProjects) = preSolution
		{B6C3585C-55C0-4276-871D-9733E11E3513} = {3CFAC282-AFAA-4B7A-879F-D2BDF9EC631B}
	EndGlobalSection
	GlobalSection(ExtensibilityGlobals) = postSolution
		SolutionGuid = {3984727B-D7F5-4A1D-B438-1A4A1EB6A711}
	EndGlobalSection
EndGlobal
