
Microsoft Visual Studio Solution File, Format Version 12.00
# Visual Studio 15
VisualStudioVersion = 15.0.26228.9
MinimumVisualStudioVersion = 10.0.40219.1
Project("{F2A71F9B-5D33-465A-A702-920D77279786}") = "FileSystem", "FileSystem\FileSystem.fsproj", "{5B3D7D13-F6F7-4179-B363-AE52B4531AB5}"
EndProject
Project("{9A19103F-16F7-4668-BE54-9A1E7A4F7556}") = "FileSystem.EFVersion", "FileSystem.EFVersion\FileSystem.EFVersion.csproj", "{B9B4E2A0-2C0E-4F6B-9D6E-F4F7D6A3F112}"
EndProject
Global
	GlobalSection(SolutionConfigurationPlatforms) = preSolution
		Debug|Any CPU = Debug|Any CPU
		Release|Any CPU = Release|Any CPU
	EndGlobalSection
	GlobalSection(ProjectConfigurationPlatforms) = postSolution
		{5B3D7D13-F6F7-4179-B363-AE52B4531AB5}.Debug|Any CPU.ActiveCfg = Debug|Any CPU
		{5B3D7D13-F6F7-4179-B363-AE52B4531AB5}.Debug|Any CPU.Build.0 = Debug|Any CPU
		{5B3D7D13-F6F7-4179-B363-AE52B4531AB5}.Release|Any CPU.ActiveCfg = Release|Any CPU
		{5B3D7D13-F6F7-4179-B363-AE52B4531AB5}.Release|Any CPU.Build.0 = Release|Any CPU
		{B9B4E2A0-2C0E-4F6B-9D6E-F4F7D6A3F112}.Debug|Any CPU.ActiveCfg = Debug|Any CPU
		{B9B4E2A0-2C0E-4F6B-9D6E-F4F7D6A3F112}.Debug|Any CPU.Build.0 = Debug|Any CPU
		{B9B4E2A0-2C0E-4F6B-9D6E-F4F7D6A3F112}.Release|Any CPU.ActiveCfg = Release|Any CPU
		{B9B4E2A0-2C0E-4F6B-9D6E-F4F7D6A3F112}.Release|Any CPU.Build.0 = Release|Any CPU
	EndGlobalSection
	GlobalSection(SolutionProperties) = preSolution
		HideSolutionNode = FALSE
	EndGlobalSection
EndGlobal
